
Microsoft Visual Studio Solution File, Format Version 12.00
# Visual Studio Version 17
VisualStudioVersion = 17.13.35825.156
MinimumVisualStudioVersion = 10.0.40219.1
Project("{FAE04EC0-301F-11D3-BF4B-00C04F79EFBC}") = "HW_LegcyCode_26_03_2025_Task1", "HW_LegcyCode_26_03_2025\HW_LegcyCode_26_03_2025_Task1.csproj", "{353BF755-4179-44F8-AEEF-C0106DF4799F}"
EndProject
Project("{FAE04EC0-301F-11D3-BF4B-00C04F79EFBC}") = "HW_LegcyCode_26_03_2025_Task2", "HW_LegcyCode_26_03_2025_Task2\HW_LegcyCode_26_03_2025_Task2.csproj", "{B57CA295-2217-4C6E-9B0E-E248A305965B}"
EndProject
Project("{FAE04EC0-301F-11D3-BF4B-00C04F79EFBC}") = "HW_LegcyCode_26_03_2025_TestWindowForm", "HW_LegcyCode_26_03_2025_TestWindowForm\HW_LegcyCode_26_03_2025_TestWindowForm.csproj", "{1CCC4278-B756-4EBC-8963-2978C5218FC1}"
EndProject
Project("{FAE04EC0-301F-11D3-BF4B-00C04F79EFBC}") = "HW_LegcyCode_26_03_2025_Task3", "HW_LegcyCode_26_03_2025_Task3\HW_LegcyCode_26_03_2025_Task3.csproj", "{E942CEFF-B1FB-4429-8741-32C4B991915C}"
EndProject
Global
	GlobalSection(SolutionConfigurationPlatforms) = preSolution
		Debug|Any CPU = Debug|Any CPU
		Release|Any CPU = Release|Any CPU
	EndGlobalSection
	GlobalSection(ProjectConfigurationPlatforms) = postSolution
		{353BF755-4179-44F8-AEEF-C0106DF4799F}.Debug|Any CPU.ActiveCfg = Debug|Any CPU
		{353BF755-4179-44F8-AEEF-C0106DF4799F}.Debug|Any CPU.Build.0 = Debug|Any CPU
		{353BF755-4179-44F8-AEEF-C0106DF4799F}.Release|Any CPU.ActiveCfg = Release|Any CPU
		{353BF755-4179-44F8-AEEF-C0106DF4799F}.Release|Any CPU.Build.0 = Release|Any CPU
		{B57CA295-2217-4C6E-9B0E-E248A305965B}.Debug|Any CPU.ActiveCfg = Debug|Any CPU
		{B57CA295-2217-4C6E-9B0E-E248A305965B}.Debug|Any CPU.Build.0 = Debug|Any CPU
		{B57CA295-2217-4C6E-9B0E-E248A305965B}.Release|Any CPU.ActiveCfg = Release|Any CPU
		{B57CA295-2217-4C6E-9B0E-E248A305965B}.Release|Any CPU.Build.0 = Release|Any CPU
		{1CCC4278-B756-4EBC-8963-2978C5218FC1}.Debug|Any CPU.ActiveCfg = Debug|Any CPU
		{1CCC4278-B756-4EBC-8963-2978C5218FC1}.Debug|Any CPU.Build.0 = Debug|Any CPU
		{1CCC4278-B756-4EBC-8963-2978C5218FC1}.Release|Any CPU.ActiveCfg = Release|Any CPU
		{1CCC4278-B756-4EBC-8963-2978C5218FC1}.Release|Any CPU.Build.0 = Release|Any CPU
		{E942CEFF-B1FB-4429-8741-32C4B991915C}.Debug|Any CPU.ActiveCfg = Debug|Any CPU
		{E942CEFF-B1FB-4429-8741-32C4B991915C}.Debug|Any CPU.Build.0 = Debug|Any CPU
		{E942CEFF-B1FB-4429-8741-32C4B991915C}.Release|Any CPU.ActiveCfg = Release|Any CPU
		{E942CEFF-B1FB-4429-8741-32C4B991915C}.Release|Any CPU.Build.0 = Release|Any CPU
	EndGlobalSection
	GlobalSection(SolutionProperties) = preSolution
		HideSolutionNode = FALSE
	EndGlobalSection
	GlobalSection(ExtensibilityGlobals) = postSolution
		SolutionGuid = {EE48C012-8B4D-4E32-8208-01C46814A0FD}
	EndGlobalSection
EndGlobal
