
Microsoft Visual Studio Solution File, Format Version 12.00
# Visual Studio Version 17
VisualStudioVersion = 17.13.35825.156
MinimumVisualStudioVersion = 10.0.40219.1
Project("{FAE04EC0-301F-11D3-BF4B-00C04F79EFBC}") = "CW_Thread_31_03_2025", "CW_Thread_31_03_2025\CW_Thread_31_03_2025.csproj", "{0CA938E9-F152-4D64-8865-59CAF8E53F71}"
EndProject
Project("{FAE04EC0-301F-11D3-BF4B-00C04F79EFBC}") = "CW_Thread_31_03_2025_Task6_WPF", "CW_Thread_31_03_2025_Task6_WPF\CW_Thread_31_03_2025_Task6_WPF.csproj", "{94E2BBCB-FF74-4D1C-A4D7-37A733355790}"
EndProject
Project("{FAE04EC0-301F-11D3-BF4B-00C04F79EFBC}") = "CW_Thread_31_03_2025_Task7_WPF", "CW_Thread_31_03_2025_Task7_WPF\CW_Thread_31_03_2025_Task7_WPF.csproj", "{E32DDE87-D1D2-4922-8D11-433EE67EDB72}"
EndProject
Project("{FAE04EC0-301F-11D3-BF4B-00C04F79EFBC}") = "HW_Thread_31_03_2025_WPF", "HW_Thread_31_03_2025_WPF\HW_Thread_31_03_2025_WPF.csproj", "{46AC4744-52C0-4FC4-A2B4-253C80609384}"
EndProject
Global
	GlobalSection(SolutionConfigurationPlatforms) = preSolution
		Debug|Any CPU = Debug|Any CPU
		Release|Any CPU = Release|Any CPU
	EndGlobalSection
	GlobalSection(ProjectConfigurationPlatforms) = postSolution
		{0CA938E9-F152-4D64-8865-59CAF8E53F71}.Debug|Any CPU.ActiveCfg = Debug|Any CPU
		{0CA938E9-F152-4D64-8865-59CAF8E53F71}.Debug|Any CPU.Build.0 = Debug|Any CPU
		{0CA938E9-F152-4D64-8865-59CAF8E53F71}.Release|Any CPU.ActiveCfg = Release|Any CPU
		{0CA938E9-F152-4D64-8865-59CAF8E53F71}.Release|Any CPU.Build.0 = Release|Any CPU
		{94E2BBCB-FF74-4D1C-A4D7-37A733355790}.Debug|Any CPU.ActiveCfg = Debug|Any CPU
		{94E2BBCB-FF74-4D1C-A4D7-37A733355790}.Debug|Any CPU.Build.0 = Debug|Any CPU
		{94E2BBCB-FF74-4D1C-A4D7-37A733355790}.Release|Any CPU.ActiveCfg = Release|Any CPU
		{94E2BBCB-FF74-4D1C-A4D7-37A733355790}.Release|Any CPU.Build.0 = Release|Any CPU
		{E32DDE87-D1D2-4922-8D11-433EE67EDB72}.Debug|Any CPU.ActiveCfg = Debug|Any CPU
		{E32DDE87-D1D2-4922-8D11-433EE67EDB72}.Debug|Any CPU.Build.0 = Debug|Any CPU
		{E32DDE87-D1D2-4922-8D11-433EE67EDB72}.Release|Any CPU.ActiveCfg = Release|Any CPU
		{E32DDE87-D1D2-4922-8D11-433EE67EDB72}.Release|Any CPU.Build.0 = Release|Any CPU
		{46AC4744-52C0-4FC4-A2B4-253C80609384}.Debug|Any CPU.ActiveCfg = Debug|Any CPU
		{46AC4744-52C0-4FC4-A2B4-253C80609384}.Debug|Any CPU.Build.0 = Debug|Any CPU
		{46AC4744-52C0-4FC4-A2B4-253C80609384}.Release|Any CPU.ActiveCfg = Release|Any CPU
		{46AC4744-52C0-4FC4-A2B4-253C80609384}.Release|Any CPU.Build.0 = Release|Any CPU
	EndGlobalSection
	GlobalSection(SolutionProperties) = preSolution
		HideSolutionNode = FALSE
	EndGlobalSection
	GlobalSection(ExtensibilityGlobals) = postSolution
		SolutionGuid = {EE48C012-8B4D-4E32-8208-01C46814A0FD}
	EndGlobalSection
EndGlobal
