
Microsoft Visual Studio Solution File, Format Version 12.00
# Visual Studio Version 17
VisualStudioVersion = 17.13.35825.156
MinimumVisualStudioVersion = 10.0.40219.1
Project("{FAE04EC0-301F-11D3-BF4B-00C04F79EFBC}") = "Dancing_progress_bar_Multithread", "Dancing_progress_bar_Multithread\Dancing_progress_bar_Multithread.csproj", "{D7EB48C3-8D5C-46D5-AE11-948902CEFCC1}"
EndProject
Project("{FAE04EC0-301F-11D3-BF4B-00C04F79EFBC}") = "HorseRacingMultithreading", "HorseRacingMultithreading\HorseRacingMultithreading.csproj", "{61C8EECE-28D1-4AE2-BA09-3D9316297D2F}"
EndProject
Global
	GlobalSection(SolutionConfigurationPlatforms) = preSolution
		Debug|Any CPU = Debug|Any CPU
		Release|Any CPU = Release|Any CPU
	EndGlobalSection
	GlobalSection(ProjectConfigurationPlatforms) = postSolution
		{D7EB48C3-8D5C-46D5-AE11-948902CEFCC1}.Debug|Any CPU.ActiveCfg = Debug|Any CPU
		{D7EB48C3-8D5C-46D5-AE11-948902CEFCC1}.Debug|Any CPU.Build.0 = Debug|Any CPU
		{D7EB48C3-8D5C-46D5-AE11-948902CEFCC1}.Release|Any CPU.ActiveCfg = Release|Any CPU
		{D7EB48C3-8D5C-46D5-AE11-948902CEFCC1}.Release|Any CPU.Build.0 = Release|Any CPU
		{61C8EECE-28D1-4AE2-BA09-3D9316297D2F}.Debug|Any CPU.ActiveCfg = Debug|Any CPU
		{61C8EECE-28D1-4AE2-BA09-3D9316297D2F}.Debug|Any CPU.Build.0 = Debug|Any CPU
		{61C8EECE-28D1-4AE2-BA09-3D9316297D2F}.Release|Any CPU.ActiveCfg = Release|Any CPU
		{61C8EECE-28D1-4AE2-BA09-3D9316297D2F}.Release|Any CPU.Build.0 = Release|Any CPU
	EndGlobalSection
	GlobalSection(SolutionProperties) = preSolution
		HideSolutionNode = FALSE
	EndGlobalSection
	GlobalSection(ExtensibilityGlobals) = postSolution
		SolutionGuid = {EE48C012-8B4D-4E32-8208-01C46814A0FD}
	EndGlobalSection
EndGlobal
